// !$*UTF8*$!
{
	archiveVersion = 1;
	classes = {
	};
	objectVersion = 50;
	objects = {

/* Begin PBXBuildFile section */
		F6C174CB230A0C510002AAF5 /* LorenzSaverView.h in Headers */ = {isa = PBXBuildFile; fileRef = F6C174CA230A0C510002AAF5 /* LorenzSaverView.h */; };
		F6C174CD230A0C510002AAF5 /* LorenzSaverView.m in Sources */ = {isa = PBXBuildFile; fileRef = F6C174CC230A0C510002AAF5 /* LorenzSaverView.m */; };
		F6C174DA230A0E3E0002AAF5 /* LorenzSolver.h in Headers */ = {isa = PBXBuildFile; fileRef = F6C174D8230A0E3E0002AAF5 /* LorenzSolver.h */; };
		F6C174DB230A0E3E0002AAF5 /* LorenzSolver.m in Sources */ = {isa = PBXBuildFile; fileRef = F6C174D9230A0E3E0002AAF5 /* LorenzSolver.m */; };
/* End PBXBuildFile section */

/* Begin PBXFileReference section */
		F6C174C7230A0C510002AAF5 /* LorenzSaver.saver */ = {isa = PBXFileReference; explicitFileType = wrapper.cfbundle; includeInIndex = 0; path = LorenzSaver.saver; sourceTree = BUILT_PRODUCTS_DIR; };
		F6C174CA230A0C510002AAF5 /* LorenzSaverView.h */ = {isa = PBXFileReference; lastKnownFileType = sourcecode.c.h; path = LorenzSaverView.h; sourceTree = "<group>"; };
		F6C174CC230A0C510002AAF5 /* LorenzSaverView.m */ = {isa = PBXFileReference; lastKnownFileType = sourcecode.c.objc; path = LorenzSaverView.m; sourceTree = "<group>"; };
		F6C174CE230A0C510002AAF5 /* Info.plist */ = {isa = PBXFileReference; lastKnownFileType = text.plist.xml; path = Info.plist; sourceTree = "<group>"; };
		F6C174D8230A0E3E0002AAF5 /* LorenzSolver.h */ = {isa = PBXFileReference; lastKnownFileType = sourcecode.c.h; path = LorenzSolver.h; sourceTree = "<group>"; };
		F6C174D9230A0E3E0002AAF5 /* LorenzSolver.m */ = {isa = PBXFileReference; lastKnownFileType = sourcecode.c.objc; path = LorenzSolver.m; sourceTree = "<group>"; };
/* End PBXFileReference section */

/* Begin PBXFrameworksBuildPhase section */
		F6C174C4230A0C510002AAF5 /* Frameworks */ = {
			isa = PBXFrameworksBuildPhase;
			buildActionMask = 2147483647;
			files = (
			);
			runOnlyForDeploymentPostprocessing = 0;
		};
/* End PBXFrameworksBuildPhase section */

/* Begin PBXGroup section */
		F6C174BD230A0C510002AAF5 = {
			isa = PBXGroup;
			children = (
				F6C174C9230A0C510002AAF5 /* LorenzSaver */,
				F6C174C8230A0C510002AAF5 /* Products */,
			);
			sourceTree = "<group>";
		};
		F6C174C8230A0C510002AAF5 /* Products */ = {
			isa = PBXGroup;
			children = (
				F6C174C7230A0C510002AAF5 /* LorenzSaver.saver */,
			);
			name = Products;
			sourceTree = "<group>";
		};
		F6C174C9230A0C510002AAF5 /* LorenzSaver */ = {
			isa = PBXGroup;
			children = (
				F6C174CA230A0C510002AAF5 /* LorenzSaverView.h */,
				F6C174CC230A0C510002AAF5 /* LorenzSaverView.m */,
				F6C174CE230A0C510002AAF5 /* Info.plist */,
				F6C174D8230A0E3E0002AAF5 /* LorenzSolver.h */,
				F6C174D9230A0E3E0002AAF5 /* LorenzSolver.m */,
			);
			path = LorenzSaver;
			sourceTree = "<group>";
		};
/* End PBXGroup section */

/* Begin PBXHeadersBuildPhase section */
		F6C174C2230A0C510002AAF5 /* Headers */ = {
			isa = PBXHeadersBuildPhase;
			buildActionMask = 2147483647;
			files = (
				F6C174CB230A0C510002AAF5 /* LorenzSaverView.h in Headers */,
				F6C174DA230A0E3E0002AAF5 /* LorenzSolver.h in Headers */,
			);
			runOnlyForDeploymentPostprocessing = 0;
		};
/* End PBXHeadersBuildPhase section */

/* Begin PBXNativeTarget section */
		F6C174C6230A0C510002AAF5 /* LorenzSaver */ = {
			isa = PBXNativeTarget;
			buildConfigurationList = F6C174D1230A0C510002AAF5 /* Build configuration list for PBXNativeTarget "LorenzSaver" */;
			buildPhases = (
				F6C174C2230A0C510002AAF5 /* Headers */,
				F6C174C3230A0C510002AAF5 /* Sources */,
				F6C174C4230A0C510002AAF5 /* Frameworks */,
				F6C174C5230A0C510002AAF5 /* Resources */,
			);
			buildRules = (
			);
			dependencies = (
			);
			name = LorenzSaver;
			productName = LorenzSaver;
			productReference = F6C174C7230A0C510002AAF5 /* LorenzSaver.saver */;
			productType = "com.apple.product-type.bundle";
		};
/* End PBXNativeTarget section */

/* Begin PBXProject section */
		F6C174BE230A0C510002AAF5 /* Project object */ = {
			isa = PBXProject;
			attributes = {
				LastUpgradeCheck = 1020;
				ORGANIZATIONNAME = "Lewis O'Driscoll";
				TargetAttributes = {
					F6C174C6230A0C510002AAF5 = {
						CreatedOnToolsVersion = 10.2.1;
					};
				};
			};
			buildConfigurationList = F6C174C1230A0C510002AAF5 /* Build configuration list for PBXProject "LorenzSaver" */;
			compatibilityVersion = "Xcode 9.3";
			developmentRegion = en;
			hasScannedForEncodings = 0;
			knownRegions = (
				en,
			);
			mainGroup = F6C174BD230A0C510002AAF5;
			productRefGroup = F6C174C8230A0C510002AAF5 /* Products */;
			projectDirPath = "";
			projectRoot = "";
			targets = (
				F6C174C6230A0C510002AAF5 /* LorenzSaver */,
			);
		};
/* End PBXProject section */

/* Begin PBXResourcesBuildPhase section */
		F6C174C5230A0C510002AAF5 /* Resources */ = {
			isa = PBXResourcesBuildPhase;
			buildActionMask = 2147483647;
			files = (
			);
			runOnlyForDeploymentPostprocessing = 0;
		};
/* End PBXResourcesBuildPhase section */

/* Begin PBXSourcesBuildPhase section */
		F6C174C3230A0C510002AAF5 /* Sources */ = {
			isa = PBXSourcesBuildPhase;
			buildActionMask = 2147483647;
			files = (
				F6C174DB230A0E3E0002AAF5 /* LorenzSolver.m in Sources */,
				F6C174CD230A0C510002AAF5 /* LorenzSaverView.m in Sources */,
			);
			runOnlyForDeploymentPostprocessing = 0;
		};
/* End PBXSourcesBuildPhase section */

/* Begin XCBuildConfiguration section */
		F6C174CF230A0C510002AAF5 /* Debug */ = {
			isa = XCBuildConfiguration;
			buildSettings = {
				ALWAYS_SEARCH_USER_PATHS = NO;
				CLANG_ANALYZER_NONNULL = YES;
				CLANG_ANALYZER_NUMBER_OBJECT_CONVERSION = YES_AGGRESSIVE;
				CLANG_CXX_LANGUAGE_STANDARD = "gnu++14";
				CLANG_CXX_LIBRARY = "libc++";
				CLANG_ENABLE_MODULES = YES;
				CLANG_ENABLE_OBJC_ARC = YES;
				CLANG_ENABLE_OBJC_WEAK = YES;
				CLANG_WARN_BLOCK_CAPTURE_AUTORELEASING = YES;
				CLANG_WARN_BOOL_CONVERSION = YES;
				CLANG_WARN_COMMA = YES;
				CLANG_WARN_CONSTANT_CONVERSION = YES;
				CLANG_WARN_DEPRECATED_OBJC_IMPLEMENTATIONS = YES;
				CLANG_WARN_DIRECT_OBJC_ISA_USAGE = YES_ERROR;
				CLANG_WARN_DOCUMENTATION_COMMENTS = YES;
				CLANG_WARN_EMPTY_BODY = YES;
				CLANG_WARN_ENUM_CONVERSION = YES;
				CLANG_WARN_INFINITE_RECURSION = YES;
				CLANG_WARN_INT_CONVERSION = YES;
				CLANG_WARN_NON_LITERAL_NULL_CONVERSION = YES;
				CLANG_WARN_OBJC_IMPLICIT_RETAIN_SELF = YES;
				CLANG_WARN_OBJC_LITERAL_CONVERSION = YES;
				CLANG_WARN_OBJC_ROOT_CLASS = YES_ERROR;
				CLANG_WARN_RANGE_LOOP_ANALYSIS = YES;
				CLANG_WARN_STRICT_PROTOTYPES = YES;
				CLANG_WARN_SUSPICIOUS_MOVE = YES;
				CLANG_WARN_UNGUARDED_AVAILABILITY = YES_AGGRESSIVE;
				CLANG_WARN_UNREACHABLE_CODE = YES;
				CLANG_WARN__DUPLICATE_METHOD_MATCH = YES;
				CODE_SIGN_IDENTITY = "Mac Developer";
				COPY_PHASE_STRIP = NO;
				DEBUG_INFORMATION_FORMAT = dwarf;
				ENABLE_STRICT_OBJC_MSGSEND = YES;
				ENABLE_TESTABILITY = YES;
				GCC_C_LANGUAGE_STANDARD = gnu11;
				GCC_DYNAMIC_NO_PIC = NO;
				GCC_NO_COMMON_BLOCKS = YES;
				GCC_OPTIMIZATION_LEVEL = 0;
				GCC_PREPROCESSOR_DEFINITIONS = (
					"DEBUG=1",
					"$(inherited)",
				);
				GCC_WARN_64_TO_32_BIT_CONVERSION = YES;
				GCC_WARN_ABOUT_RETURN_TYPE = YES_ERROR;
				GCC_WARN_UNDECLARED_SELECTOR = YES;
				GCC_WARN_UNINITIALIZED_AUTOS = YES_AGGRESSIVE;
				GCC_WARN_UNUSED_FUNCTION = YES;
				GCC_WARN_UNUSED_VARIABLE = YES;
				MACOSX_DEPLOYMENT_TARGET = 10.14;
				MTL_ENABLE_DEBUG_INFO = INCLUDE_SOURCE;
				MTL_FAST_MATH = YES;
				ONLY_ACTIVE_ARCH = YES;
				SDKROOT = macosx;
			};
			name = Debug;
		};
		F6C174D0230A0C510002AAF5 /* Release */ = {
			isa = XCBuildConfiguration;
			buildSettings = {
				ALWAYS_SEARCH_USER_PATHS = NO;
				CLANG_ANALYZER_NONNULL = YES;
				CLANG_ANALYZER_NUMBER_OBJECT_CONVERSION = YES_AGGRESSIVE;
				CLANG_CXX_LANGUAGE_STANDARD = "gnu++14";
				CLANG_CXX_LIBRARY = "libc++";
				CLANG_ENABLE_MODULES = YES;
				CLANG_ENABLE_OBJC_ARC = YES;
				CLANG_ENABLE_OBJC_WEAK = YES;
				CLANG_WARN_BLOCK_CAPTURE_AUTORELEASING = YES;
				CLANG_WARN_BOOL_CONVERSION = YES;
				CLANG_WARN_COMMA = YES;
				CLANG_WARN_CONSTANT_CONVERSION = YES;
				CLANG_WARN_DEPRECATED_OBJC_IMPLEMENTATIONS = YES;
				CLANG_WARN_DIRECT_OBJC_ISA_USAGE = YES_ERROR;
				CLANG_WARN_DOCUMENTATION_COMMENTS = YES;
				CLANG_WARN_EMPTY_BODY = YES;
				CLANG_WARN_ENUM_CONVERSION = YES;
				CLANG_WARN_INFINITE_RECURSION = YES;
				CLANG_WARN_INT_CONVERSION = YES;
				CLANG_WARN_NON_LITERAL_NULL_CONVERSION = YES;
				CLANG_WARN_OBJC_IMPLICIT_RETAIN_SELF = YES;
				CLANG_WARN_OBJC_LITERAL_CONVERSION = YES;
				CLANG_WARN_OBJC_ROOT_CLASS = YES_ERROR;
				CLANG_WARN_RANGE_LOOP_ANALYSIS = YES;
				CLANG_WARN_STRICT_PROTOTYPES = YES;
				CLANG_WARN_SUSPICIOUS_MOVE = YES;
				CLANG_WARN_UNGUARDED_AVAILABILITY = YES_AGGRESSIVE;
				CLANG_WARN_UNREACHABLE_CODE = YES;
				CLANG_WARN__DUPLICATE_METHOD_MATCH = YES;
				CODE_SIGN_IDENTITY = "Mac Developer";
				COPY_PHASE_STRIP = NO;
				DEBUG_INFORMATION_FORMAT = "dwarf-with-dsym";
				ENABLE_NS_ASSERTIONS = NO;
				ENABLE_STRICT_OBJC_MSGSEND = YES;
				GCC_C_LANGUAGE_STANDARD = gnu11;
				GCC_NO_COMMON_BLOCKS = YES;
				GCC_WARN_64_TO_32_BIT_CONVERSION = YES;
				GCC_WARN_ABOUT_RETURN_TYPE = YES_ERROR;
				GCC_WARN_UNDECLARED_SELECTOR = YES;
				GCC_WARN_UNINITIALIZED_AUTOS = YES_AGGRESSIVE;
				GCC_WARN_UNUSED_FUNCTION = YES;
				GCC_WARN_UNUSED_VARIABLE = YES;
				MACOSX_DEPLOYMENT_TARGET = 10.14;
				MTL_ENABLE_DEBUG_INFO = NO;
				MTL_FAST_MATH = YES;
				SDKROOT = macosx;
			};
			name = Release;
		};
		F6C174D2230A0C510002AAF5 /* Debug */ = {
			isa = XCBuildConfiguration;
			buildSettings = {
				CODE_SIGN_STYLE = Automatic;
				COMBINE_HIDPI_IMAGES = YES;
				DEVELOPMENT_TEAM = 8823Q99VPQ;
				INFOPLIST_FILE = LorenzSaver/Info.plist;
				INSTALL_PATH = "$(HOME)/Library/Screen Savers";
				PRODUCT_BUNDLE_IDENTIFIER = "com.github.lewis-od.LorenzSaver";
				PRODUCT_NAME = "$(TARGET_NAME)";
				WRAPPER_EXTENSION = saver;
			};
			name = Debug;
		};
		F6C174D3230A0C510002AAF5 /* Release */ = {
			isa = XCBuildConfiguration;
			buildSettings = {
				CODE_SIGN_STYLE = Automatic;
				COMBINE_HIDPI_IMAGES = YES;
				DEVELOPMENT_TEAM = 8823Q99VPQ;
				INFOPLIST_FILE = LorenzSaver/Info.plist;
				INSTALL_PATH = "$(HOME)/Library/Screen Savers";
				PRODUCT_BUNDLE_IDENTIFIER = "com.github.lewis-od.LorenzSaver";
				PRODUCT_NAME = "$(TARGET_NAME)";
				WRAPPER_EXTENSION = saver;
			};
			name = Release;
		};
/* End XCBuildConfiguration section */

/* Begin XCConfigurationList section */
		F6C174C1230A0C510002AAF5 /* Build configuration list for PBXProject "LorenzSaver" */ = {
			isa = XCConfigurationList;
			buildConfigurations = (
				F6C174CF230A0C510002AAF5 /* Debug */,
				F6C174D0230A0C510002AAF5 /* Release */,
			);
			defaultConfigurationIsVisible = 0;
			defaultConfigurationName = Release;
		};
		F6C174D1230A0C510002AAF5 /* Build configuration list for PBXNativeTarget "LorenzSaver" */ = {
			isa = XCConfigurationList;
			buildConfigurations = (
				F6C174D2230A0C510002AAF5 /* Debug */,
				F6C174D3230A0C510002AAF5 /* Release */,
			);
			defaultConfigurationIsVisible = 0;
			defaultConfigurationName = Release;
		};
/* End XCConfigurationList section */
	};
	rootObject = F6C174BE230A0C510002AAF5 /* Project object */;
}
